github.com/NYTimes/gziphandler v1.0.1/go.mod h1:3wb06e3pkSAbeQ52E9H9iFoQsEEwGN64994WTCIhntQ=
github.com/cihub/seelog v0.0.0-20170130134532-f561c5e57575 h1:kHaBemcxl8o/pQ5VM1c8PVE1PubbNx3mjUr09OqWGCs=
github.com/cihub/seelog v0.0.0-20170130134532-f561c5e57575/go.mod h1:9d6lWj8KzO/fd/NrVaLscBKmPigpZpn5YawRPw+e3Yo=
github.com/davecgh/go-spew v1.1.1 h1:vj9j/u1bqnvCEfJOwUhtlOARqs3+rkHYY13jYWTU97c=
github.com/davecgh/go-spew v1.1.1/go.mod h1:J7Y8YcW2NihsgmVo/mv3lAwl/skON4iLHjSsI+c5H38=
github.com/eclipse/paho.mqtt.golang v1.1.1/go.mod h1:H9keYFcgq3Qr5OUJm/JZI/i6U7joQ8SYLhZwfeOo6Ts=
github.com/gin-contrib/gzip v0.0.0-20180225154813-4fbfcc612275/go.mod h1:Xp4LajbnAl27NCdps5OWT+HTKYKWScmzTCli8Kjs7LE=
github.com/gin-gonic/gin v1.1.4/go.mod h1:7cKuhb5qV2ggCFctp2fJQ+ErvciLZrIeoOSOm6mUr7Y=
github.com/gorilla/websocket v1.2.0/go.mod h1:E7qHFY5m1UJ88s3WnNqhKjPHQ0heANvMoAMk2YaljkQ=
github.com/mars9/crypt v0.0.0-20150406101210-65899cf653ff/go.mod h1:FwkWnDZiJEx3ZuX9e1w2fpLzPWrRfSgNcEUU3DFonYk=
github.com/mattn/go-isatty v0.0.3/go.mod h1:M+lRXTBqGeGNdLjl/ufCoiOlB5xdOkqRJdNxMWT7Zi4=
github.com/mattn/go-sqlite3 v1.6.0 h1:TDwTWbeII+88Qy55nWlof0DclgAtI4LqGujkYMzmQII=
github.com/mattn/go-sqlite3 v1.6.0/go.mod h1:FPy6KqzDD04eiIsT53CuJW3U88zkxoIYsOqkbpncsNc=
github.com/mr-tron/base58 v0.0.0-20171218005042-c1bdf7c52f59 h1:pgwekSBxoGKOH8PZE3Xs4m+6F3JDKEnyxicQ1Jd+EjA=
github.com/mr-tron/base58 v0.0.0-20171218005042-c1bdf7c52f59/go.mod h1:xcD2VGqlgYjBdcBLw+TuYLr8afG+Hj8g2eTVqeSzSU8=
github.com/pkg/errors v0.8.0 h1:WdK/asTD0HN+q6hsWO3/vpuAkAr+tw6aNJNDFFf0+qw=
github.com/pkg/errors v0.8.0/go.mod h1:bwawxfHBFNV+L2hUp1rHADufV3IMtnDRdf1r5NINEl0=
github.com/pmezard/go-difflib v1.0.0 h1:4DBwDE0NGyQoBHbLQYPwSUPoCMWR5BEzIk/f1lZbAQM=
github.com/pmezard/go-difflib v1.0.0/go.mod h1:iKH77koFhYxTK1pcRnkKkqfTogsbg7gZNVY4sRDYZ/4=
github.com/robfig/go-cache v0.0.0-20130306151617-9fc39e0dbf62 h1:pyecQtsPmlkCsMkYhT5iZ+sUXuwee+OvfuJjinEA3ko=
github.com/robfig/go-cache v0.0.0-20130306151617-9fc39e0dbf62/go.mod h1:65XQgovT59RWatovFwnwocoUxiI/eENTnOY5GK3STuY=
github.com/russross/blackfriday v1.5.1/go.mod h1:JO/DiYxRf+HjHt06OyowR9PTA263kcR/rfWxYHBV53g=
github.com/schollz/mnemonicode v0.0.0-20170410150450-15c9654387fa/go.mod h1:NP2yOhA6Z5xfLESuUazIK+PUXchyRDwyZ7ies+MUX7U=
github.com/schollz/sqlite3dump v1.1.0 h1:azFcVOxx9mM2/0Ub5padYEZClGghYrQAAMofyO0PyBA=
github.com/schollz/sqlite3dump v1.1.0/go.mod h1:ngn7edcM1y4e4VLP9gzBOBUpED7KO4CsMABjcOlF9Hs=
github.com/schollz/stringsizer v1.0.0 h1:N+FxegCqhH80vpRUFs+WzvAEez28iIhbeXGvXNKtxEI=
github.com/schollz/stringsizer v1.0.0/go.mod h1:r+icxVhLimumkZFd57lMl85PxD3NadP9upZtfo+nOSA=
github.com/schollz/utils v1.0.0/go.mod h1:jH9wMMaWg3puXKVm6dAcIdoqoHpiWx5ykfcDFvt4HPM=
github.com/stretchr/testify v1.2.2 h1:bSDNvY7ZPG5RlJ8otE/7V6gMiyenm9RtJ7IUVIAoJ1w=
github.com/stretchr/testify v1.2.2/go.mod h1:a8OnRcib4nhh0OaRAV+Yts87kKdq0PP7pXfy6kDkUVs=
golang.org/x/crypto v0.0.0-20180515001509-1a580b3eff78/go.mod h1:6SG95UA2DQfeDnfUPMdvaQW0Q7yPrPDi9nlGo2tz2b4=
golang.org/x/text v0.3.0/go.mod h1:NqM8EUOU14njkJ3fqMW+pc6Ldnwhi/IjpwHt7yyuwOQ=
gopkg.in/check.v1 v0.0.0-20161208181325-20d25e280405/go.mod h1:Co6ibVJAznAaIkqp8huTwlJQCZ016jof/cbN4VW5Yz0=
gopkg.in/yaml.v2 v2.2.1/go.mod h1:hI93XBmqTisBFMUTm0b8Fm+jr3Dg1NNxqwp+5A1VGuI=
